// !$*UTF8*$!
{
	archiveVersion = 1;
	classes = {
	};
	objectVersion = 46;
	objects = {

/* Begin PBXBuildFile section */
		891994B11AE636AA0049CD62 /* UIImage+Water.m in Sources */ = {isa = PBXBuildFile; fileRef = 891994B01AE636AA0049CD62 /* UIImage+Water.m */; };
		89999A3F1AD2C49800E65267 /* 05D1EB67-DA6A-4AE2-AE04-A683B5065ECA.codesnippet in Resources */ = {isa = PBXBuildFile; fileRef = 89999A1E1AD2C49800E65267 /* 05D1EB67-DA6A-4AE2-AE04-A683B5065ECA.codesnippet */; };
		89999A401AD2C49800E65267 /* 0D6975F9-C05D-4FA2-A566-1523C39F6B16.codesnippet in Resources */ = {isa = PBXBuildFile; fileRef = 89999A1F1AD2C49800E65267 /* 0D6975F9-C05D-4FA2-A566-1523C39F6B16.codesnippet */; };
		89999A411AD2C49800E65267 /* 0FD636EB-A690-4719-90F7-19572E156EDF.codesnippet in Resources */ = {isa = PBXBuildFile; fileRef = 89999A201AD2C49800E65267 /* 0FD636EB-A690-4719-90F7-19572E156EDF.codesnippet */; };
		89999A421AD2C49800E65267 /* 1A69DADD-1DEC-4250-B217-86EB30E8EDF9.codesnippet in Resources */ = {isa = PBXBuildFile; fileRef = 89999A211AD2C49800E65267 /* 1A69DADD-1DEC-4250-B217-86EB30E8EDF9.codesnippet */; };
		89999A431AD2C49800E65267 /* 1EDB0718-DC41-4322-9086-4B4E50E2FDC5.codesnippet in Resources */ = {isa = PBXBuildFile; fileRef = 89999A221AD2C49800E65267 /* 1EDB0718-DC41-4322-9086-4B4E50E2FDC5.codesnippet */; };
		89999A441AD2C49800E65267 /* 2FFB5AF9-06B2-4959-9C01-702F9CFA0CDF.codesnippet in Resources */ = {isa = PBXBuildFile; fileRef = 89999A231AD2C49800E65267 /* 2FFB5AF9-06B2-4959-9C01-702F9CFA0CDF.codesnippet */; };
		89999A451AD2C49800E65267 /* 34E99E58-FB7E-4AAE-9346-291A969ACBF2.codesnippet in Resources */ = {isa = PBXBuildFile; fileRef = 89999A241AD2C49800E65267 /* 34E99E58-FB7E-4AAE-9346-291A969ACBF2.codesnippet */; };
		89999A461AD2C49800E65267 /* 3EE4CB05-3745-456A-B181-EDCE10F5F9C8.codesnippet in Resources */ = {isa = PBXBuildFile; fileRef = 89999A251AD2C49800E65267 /* 3EE4CB05-3745-456A-B181-EDCE10F5F9C8.codesnippet */; };
		89999A471AD2C49800E65267 /* 52ED5232-DDA6-43D4-868E-335AB2C5638C.codesnippet in Resources */ = {isa = PBXBuildFile; fileRef = 89999A261AD2C49800E65267 /* 52ED5232-DDA6-43D4-868E-335AB2C5638C.codesnippet */; };
		89999A481AD2C49800E65267 /* 55F3F9CC-A08E-4CBE-9C96-0AF1C472649C.codesnippet in Resources */ = {isa = PBXBuildFile; fileRef = 89999A271AD2C49800E65267 /* 55F3F9CC-A08E-4CBE-9C96-0AF1C472649C.codesnippet */; };
		89999A491AD2C49800E65267 /* 62CB9255-14CC-4D2F-B039-D1C7F75FF239.codesnippet in Resources */ = {isa = PBXBuildFile; fileRef = 89999A281AD2C49800E65267 /* 62CB9255-14CC-4D2F-B039-D1C7F75FF239.codesnippet */; };
		89999A4A1AD2C49800E65267 /* 65D27C00-2694-4B17-B682-3AFFBBC46A6B.codesnippet in Resources */ = {isa = PBXBuildFile; fileRef = 89999A291AD2C49800E65267 /* 65D27C00-2694-4B17-B682-3AFFBBC46A6B.codesnippet */; };
		89999A4B1AD2C49800E65267 /* 6F249D8F-7458-4C2B-92DA-089A7DB3B716.codesnippet in Resources */ = {isa = PBXBuildFile; fileRef = 89999A2A1AD2C49800E65267 /* 6F249D8F-7458-4C2B-92DA-089A7DB3B716.codesnippet */; };
		89999A4C1AD2C49800E65267 /* 6F926535-11A2-49F2-ADF8-776BF4982361.codesnippet in Resources */ = {isa = PBXBuildFile; fileRef = 89999A2B1AD2C49800E65267 /* 6F926535-11A2-49F2-ADF8-776BF4982361.codesnippet */; };
		89999A4D1AD2C49800E65267 /* 8195CF46-A1CE-4C36-BB76-0713E6FCDB57.codesnippet in Resources */ = {isa = PBXBuildFile; fileRef = 89999A2C1AD2C49800E65267 /* 8195CF46-A1CE-4C36-BB76-0713E6FCDB57.codesnippet */; };
		89999A4E1AD2C49800E65267 /* 8A288E49-DAE1-4E3E-923E-0AC6A885F648.codesnippet in Resources */ = {isa = PBXBuildFile; fileRef = 89999A2D1AD2C49800E65267 /* 8A288E49-DAE1-4E3E-923E-0AC6A885F648.codesnippet */; };
		89999A4F1AD2C49800E65267 /* 8B5C05F5-4175-4987-ACC4-53FB3225EA8C.codesnippet in Resources */ = {isa = PBXBuildFile; fileRef = 89999A2E1AD2C49800E65267 /* 8B5C05F5-4175-4987-ACC4-53FB3225EA8C.codesnippet */; };
		89999A501AD2C49800E65267 /* 95CE3D78-9606-430E-9B7F-C5BAD72D2D90.codesnippet in Resources */ = {isa = PBXBuildFile; fileRef = 89999A2F1AD2C49800E65267 /* 95CE3D78-9606-430E-9B7F-C5BAD72D2D90.codesnippet */; };
		89999A511AD2C49800E65267 /* 9FD350E8-1D13-465B-8882-879EAA259681.codesnippet in Resources */ = {isa = PBXBuildFile; fileRef = 89999A301AD2C49800E65267 /* 9FD350E8-1D13-465B-8882-879EAA259681.codesnippet */; };
		89999A521AD2C49800E65267 /* C111A937-498A-4706-93D3-4F29D86E8FCD.codesnippet in Resources */ = {isa = PBXBuildFile; fileRef = 89999A311AD2C49800E65267 /* C111A937-498A-4706-93D3-4F29D86E8FCD.codesnippet */; };
		89999A531AD2C49800E65267 /* C46BE3E3-0E1F-4467-BD41-D9AA632A0E83.codesnippet in Resources */ = {isa = PBXBuildFile; fileRef = 89999A321AD2C49800E65267 /* C46BE3E3-0E1F-4467-BD41-D9AA632A0E83.codesnippet */; };
		89999A541AD2C49800E65267 /* CC7FEED4-F3CD-4F95-9D9E-A5B370C33CFF.codesnippet in Resources */ = {isa = PBXBuildFile; fileRef = 89999A331AD2C49800E65267 /* CC7FEED4-F3CD-4F95-9D9E-A5B370C33CFF.codesnippet */; };
		89999A551AD2C49800E65267 /* D226E98D-6630-4E19-BFF2-5B8E536DFE70.codesnippet in Resources */ = {isa = PBXBuildFile; fileRef = 89999A341AD2C49800E65267 /* D226E98D-6630-4E19-BFF2-5B8E536DFE70.codesnippet */; };
		89999A561AD2C49800E65267 /* D4FB6F07-4FB2-446E-825D-4BCDF19F478D.codesnippet in Resources */ = {isa = PBXBuildFile; fileRef = 89999A351AD2C49800E65267 /* D4FB6F07-4FB2-446E-825D-4BCDF19F478D.codesnippet */; };
		89999A571AD2C49800E65267 /* D71B0FCA-8D09-423D-BB8A-D4614E973F2B.codesnippet in Resources */ = {isa = PBXBuildFile; fileRef = 89999A361AD2C49800E65267 /* D71B0FCA-8D09-423D-BB8A-D4614E973F2B.codesnippet */; };
		89999A581AD2C49800E65267 /* E872A8A5-F656-4EAB-8FA1-C5B1358C8BA6.codesnippet in Resources */ = {isa = PBXBuildFile; fileRef = 89999A371AD2C49800E65267 /* E872A8A5-F656-4EAB-8FA1-C5B1358C8BA6.codesnippet */; };
		89999A591AD2C49800E65267 /* EA467D07-0DA8-4A44-9496-2674C8D21C13.codesnippet in Resources */ = {isa = PBXBuildFile; fileRef = 89999A381AD2C49800E65267 /* EA467D07-0DA8-4A44-9496-2674C8D21C13.codesnippet */; };
		89999A5A1AD2C49800E65267 /* EA88047C-7110-4957-B60E-1138362E45D1.codesnippet in Resources */ = {isa = PBXBuildFile; fileRef = 89999A391AD2C49800E65267 /* EA88047C-7110-4957-B60E-1138362E45D1.codesnippet */; };
		89999A5B1AD2C49800E65267 /* F65133D4-D8C2-41E7-995C-4BAC8AE1D408.codesnippet in Resources */ = {isa = PBXBuildFile; fileRef = 89999A3A1AD2C49800E65267 /* F65133D4-D8C2-41E7-995C-4BAC8AE1D408.codesnippet */; };
		89999A5C1AD2C49800E65267 /* F8A76237-E623-4BCF-A768-EDDFA71F6940.codesnippet in Resources */ = {isa = PBXBuildFile; fileRef = 89999A3B1AD2C49800E65267 /* F8A76237-E623-4BCF-A768-EDDFA71F6940.codesnippet */; };
		89999A8E1AD2C67A00E65267 /* CAAnimation+Make.m in Sources */ = {isa = PBXBuildFile; fileRef = 89999A601AD2C67A00E65267 /* CAAnimation+Make.m */; };
		89999A8F1AD2C67A00E65267 /* NSArray+Extend.m in Sources */ = {isa = PBXBuildFile; fileRef = 89999A631AD2C67A00E65267 /* NSArray+Extend.m */; };
		89999A901AD2C67A00E65267 /* NSObject+Extend.m in Sources */ = {isa = PBXBuildFile; fileRef = 89999A671AD2C67A00E65267 /* NSObject+Extend.m */; };
		89999A911AD2C67A00E65267 /* NSString+Password.m in Sources */ = {isa = PBXBuildFile; fileRef = 89999A6A1AD2C67A00E65267 /* NSString+Password.m */; };
		89999A941AD2C67A00E65267 /* UIColor+Extend.m in Sources */ = {isa = PBXBuildFile; fileRef = 89999A721AD2C67A00E65267 /* UIColor+Extend.m */; };
		89999A951AD2C67A00E65267 /* UIFont+Extend.m in Sources */ = {isa = PBXBuildFile; fileRef = 89999A751AD2C67A00E65267 /* UIFont+Extend.m */; };
		89999A971AD2C67A00E65267 /* UIImage+Color.m in Sources */ = {isa = PBXBuildFile; fileRef = 89999A7A1AD2C67A00E65267 /* UIImage+Color.m */; };
		89999A981AD2C67A00E65267 /* UIImage+Cut.m in Sources */ = {isa = PBXBuildFile; fileRef = 89999A7C1AD2C67A00E65267 /* UIImage+Cut.m */; };
		89999A991AD2C67A00E65267 /* UIImage+Extend.m in Sources */ = {isa = PBXBuildFile; fileRef = 89999A7E1AD2C67A00E65267 /* UIImage+Extend.m */; };
		89999A9A1AD2C67A00E65267 /* UIImage+FixOrientation.m in Sources */ = {isa = PBXBuildFile; fileRef = 89999A801AD2C67A00E65267 /* UIImage+FixOrientation.m */; };
		89999A9E1AD2C67A00E65267 /* UIView+Extend.m in Sources */ = {isa = PBXBuildFile; fileRef = 89999A8A1AD2C67A00E65267 /* UIView+Extend.m */; };
		89999A9F1AD2C67A00E65267 /* UIWindow+Launch.m in Sources */ = {isa = PBXBuildFile; fileRef = 89999A8D1AD2C67A00E65267 /* UIWindow+Launch.m */; };
		89999AA21AD2C70800E65267 /* NSDate+Extend.m in Sources */ = {isa = PBXBuildFile; fileRef = 89999AA11AD2C70800E65267 /* NSDate+Extend.m */; };
		89999AA51AD2CF5400E65267 /* NSString+Extend.m in Sources */ = {isa = PBXBuildFile; fileRef = 89999AA41AD2CF5400E65267 /* NSString+Extend.m */; };
		D6A615AE1AAAA33C006CCBF3 /* main.m in Sources */ = {isa = PBXBuildFile; fileRef = D6A615AD1AAAA33C006CCBF3 /* main.m */; };
		D6A615B11AAAA33C006CCBF3 /* AppDelegate.m in Sources */ = {isa = PBXBuildFile; fileRef = D6A615B01AAAA33C006CCBF3 /* AppDelegate.m */; };
		D6A615B41AAAA33C006CCBF3 /* ViewController.m in Sources */ = {isa = PBXBuildFile; fileRef = D6A615B31AAAA33C006CCBF3 /* ViewController.m */; };
		D6A615B71AAAA33C006CCBF3 /* Main.storyboard in Resources */ = {isa = PBXBuildFile; fileRef = D6A615B51AAAA33C006CCBF3 /* Main.storyboard */; };
		D6A615B91AAAA33C006CCBF3 /* Images.xcassets in Resources */ = {isa = PBXBuildFile; fileRef = D6A615B81AAAA33C006CCBF3 /* Images.xcassets */; };
		D6A615BC1AAAA33C006CCBF3 /* LaunchScreen.xib in Resources */ = {isa = PBXBuildFile; fileRef = D6A615BA1AAAA33C006CCBF3 /* LaunchScreen.xib */; };
		D6A615C81AAAA33C006CCBF3 /* CoreCategoryTests.m in Sources */ = {isa = PBXBuildFile; fileRef = D6A615C71AAAA33C006CCBF3 /* CoreCategoryTests.m */; };
/* End PBXBuildFile section */

/* Begin PBXContainerItemProxy section */
		D6A615C21AAAA33C006CCBF3 /* PBXContainerItemProxy */ = {
			isa = PBXContainerItemProxy;
			containerPortal = D6A615A01AAAA33C006CCBF3 /* Project object */;
			proxyType = 1;
			remoteGlobalIDString = D6A615A71AAAA33C006CCBF3;
			remoteInfo = CoreCategory;
		};
/* End PBXContainerItemProxy section */

/* Begin PBXFileReference section */
		891994AF1AE636AA0049CD62 /* UIImage+Water.h */ = {isa = PBXFileReference; fileEncoding = 4; lastKnownFileType = sourcecode.c.h; path = "UIImage+Water.h"; sourceTree = "<group>"; };
		891994B01AE636AA0049CD62 /* UIImage+Water.m */ = {isa = PBXFileReference; fileEncoding = 4; lastKnownFileType = sourcecode.c.objc; path = "UIImage+Water.m"; sourceTree = "<group>"; };
		89999A1C1AD2C49800E65267 /* CodeBlock.h */ = {isa = PBXFileReference; fileEncoding = 4; lastKnownFileType = sourcecode.c.h; path = CodeBlock.h; sourceTree = "<group>"; };
		89999A1E1AD2C49800E65267 /* 05D1EB67-DA6A-4AE2-AE04-A683B5065ECA.codesnippet */ = {isa = PBXFileReference; fileEncoding = 4; lastKnownFileType = text.xml; path = "05D1EB67-DA6A-4AE2-AE04-A683B5065ECA.codesnippet"; sourceTree = "<group>"; };
		89999A1F1AD2C49800E65267 /* 0D6975F9-C05D-4FA2-A566-1523C39F6B16.codesnippet */ = {isa = PBXFileReference; fileEncoding = 4; lastKnownFileType = text.xml; path = "0D6975F9-C05D-4FA2-A566-1523C39F6B16.codesnippet"; sourceTree = "<group>"; };
		89999A201AD2C49800E65267 /* 0FD636EB-A690-4719-90F7-19572E156EDF.codesnippet */ = {isa = PBXFileReference; fileEncoding = 4; lastKnownFileType = text.xml; path = "0FD636EB-A690-4719-90F7-19572E156EDF.codesnippet"; sourceTree = "<group>"; };
		89999A211AD2C49800E65267 /* 1A69DADD-1DEC-4250-B217-86EB30E8EDF9.codesnippet */ = {isa = PBXFileReference; fileEncoding = 4; lastKnownFileType = text.xml; path = "1A69DADD-1DEC-4250-B217-86EB30E8EDF9.codesnippet"; sourceTree = "<group>"; };
		89999A221AD2C49800E65267 /* 1EDB0718-DC41-4322-9086-4B4E50E2FDC5.codesnippet */ = {isa = PBXFileReference; fileEncoding = 4; lastKnownFileType = text.xml; path = "1EDB0718-DC41-4322-9086-4B4E50E2FDC5.codesnippet"; sourceTree = "<group>"; };
		89999A231AD2C49800E65267 /* 2FFB5AF9-06B2-4959-9C01-702F9CFA0CDF.codesnippet */ = {isa = PBXFileReference; fileEncoding = 4; lastKnownFileType = text.xml; path = "2FFB5AF9-06B2-4959-9C01-702F9CFA0CDF.codesnippet"; sourceTree = "<group>"; };
		89999A241AD2C49800E65267 /* 34E99E58-FB7E-4AAE-9346-291A969ACBF2.codesnippet */ = {isa = PBXFileReference; fileEncoding = 4; lastKnownFileType = text.xml; path = "34E99E58-FB7E-4AAE-9346-291A969ACBF2.codesnippet"; sourceTree = "<group>"; };
		89999A251AD2C49800E65267 /* 3EE4CB05-3745-456A-B181-EDCE10F5F9C8.codesnippet */ = {isa = PBXFileReference; fileEncoding = 4; lastKnownFileType = text.xml; path = "3EE4CB05-3745-456A-B181-EDCE10F5F9C8.codesnippet"; sourceTree = "<group>"; };
		89999A261AD2C49800E65267 /* 52ED5232-DDA6-43D4-868E-335AB2C5638C.codesnippet */ = {isa = PBXFileReference; fileEncoding = 4; lastKnownFileType = text.xml; path = "52ED5232-DDA6-43D4-868E-335AB2C5638C.codesnippet"; sourceTree = "<group>"; };
		89999A271AD2C49800E65267 /* 55F3F9CC-A08E-4CBE-9C96-0AF1C472649C.codesnippet */ = {isa = PBXFileReference; fileEncoding = 4; lastKnownFileType = text.xml; path = "55F3F9CC-A08E-4CBE-9C96-0AF1C472649C.codesnippet"; sourceTree = "<group>"; };
		89999A281AD2C49800E65267 /* 62CB9255-14CC-4D2F-B039-D1C7F75FF239.codesnippet */ = {isa = PBXFileReference; fileEncoding = 4; lastKnownFileType = text.xml; path = "62CB9255-14CC-4D2F-B039-D1C7F75FF239.codesnippet"; sourceTree = "<group>"; };
		89999A291AD2C49800E65267 /* 65D27C00-2694-4B17-B682-3AFFBBC46A6B.codesnippet */ = {isa = PBXFileReference; fileEncoding = 4; lastKnownFileType = text.xml; path = "65D27C00-2694-4B17-B682-3AFFBBC46A6B.codesnippet"; sourceTree = "<group>"; };
		89999A2A1AD2C49800E65267 /* 6F249D8F-7458-4C2B-92DA-089A7DB3B716.codesnippet */ = {isa = PBXFileReference; fileEncoding = 4; lastKnownFileType = text.xml; path = "6F249D8F-7458-4C2B-92DA-089A7DB3B716.codesnippet"; sourceTree = "<group>"; };
		89999A2B1AD2C49800E65267 /* 6F926535-11A2-49F2-ADF8-776BF4982361.codesnippet */ = {isa = PBXFileReference; fileEncoding = 4; lastKnownFileType = text.xml; path = "6F926535-11A2-49F2-ADF8-776BF4982361.codesnippet"; sourceTree = "<group>"; };
		89999A2C1AD2C49800E65267 /* 8195CF46-A1CE-4C36-BB76-0713E6FCDB57.codesnippet */ = {isa = PBXFileReference; fileEncoding = 4; lastKnownFileType = text.xml; path = "8195CF46-A1CE-4C36-BB76-0713E6FCDB57.codesnippet"; sourceTree = "<group>"; };
		89999A2D1AD2C49800E65267 /* 8A288E49-DAE1-4E3E-923E-0AC6A885F648.codesnippet */ = {isa = PBXFileReference; fileEncoding = 4; lastKnownFileType = text.xml; path = "8A288E49-DAE1-4E3E-923E-0AC6A885F648.codesnippet"; sourceTree = "<group>"; };
		89999A2E1AD2C49800E65267 /* 8B5C05F5-4175-4987-ACC4-53FB3225EA8C.codesnippet */ = {isa = PBXFileReference; fileEncoding = 4; lastKnownFileType = text.xml; path = "8B5C05F5-4175-4987-ACC4-53FB3225EA8C.codesnippet"; sourceTree = "<group>"; };
		89999A2F1AD2C49800E65267 /* 95CE3D78-9606-430E-9B7F-C5BAD72D2D90.codesnippet */ = {isa = PBXFileReference; fileEncoding = 4; lastKnownFileType = text.xml; path = "95CE3D78-9606-430E-9B7F-C5BAD72D2D90.codesnippet"; sourceTree = "<group>"; };
		89999A301AD2C49800E65267 /* 9FD350E8-1D13-465B-8882-879EAA259681.codesnippet */ = {isa = PBXFileReference; fileEncoding = 4; lastKnownFileType = text.xml; path = "9FD350E8-1D13-465B-8882-879EAA259681.codesnippet"; sourceTree = "<group>"; };
		89999A311AD2C49800E65267 /* C111A937-498A-4706-93D3-4F29D86E8FCD.codesnippet */ = {isa = PBXFileReference; fileEncoding = 4; lastKnownFileType = text.xml; path = "C111A937-498A-4706-93D3-4F29D86E8FCD.codesnippet"; sourceTree = "<group>"; };
		89999A321AD2C49800E65267 /* C46BE3E3-0E1F-4467-BD41-D9AA632A0E83.codesnippet */ = {isa = PBXFileReference; fileEncoding = 4; lastKnownFileType = text.xml; path = "C46BE3E3-0E1F-4467-BD41-D9AA632A0E83.codesnippet"; sourceTree = "<group>"; };
		89999A331AD2C49800E65267 /* CC7FEED4-F3CD-4F95-9D9E-A5B370C33CFF.codesnippet */ = {isa = PBXFileReference; fileEncoding = 4; lastKnownFileType = text.xml; path = "CC7FEED4-F3CD-4F95-9D9E-A5B370C33CFF.codesnippet"; sourceTree = "<group>"; };
		89999A341AD2C49800E65267 /* D226E98D-6630-4E19-BFF2-5B8E536DFE70.codesnippet */ = {isa = PBXFileReference; fileEncoding = 4; lastKnownFileType = text.xml; path = "D226E98D-6630-4E19-BFF2-5B8E536DFE70.codesnippet"; sourceTree = "<group>"; };
		89999A351AD2C49800E65267 /* D4FB6F07-4FB2-446E-825D-4BCDF19F478D.codesnippet */ = {isa = PBXFileReference; fileEncoding = 4; lastKnownFileType = text.xml; path = "D4FB6F07-4FB2-446E-825D-4BCDF19F478D.codesnippet"; sourceTree = "<group>"; };
		89999A361AD2C49800E65267 /* D71B0FCA-8D09-423D-BB8A-D4614E973F2B.codesnippet */ = {isa = PBXFileReference; fileEncoding = 4; lastKnownFileType = text.xml; path = "D71B0FCA-8D09-423D-BB8A-D4614E973F2B.codesnippet"; sourceTree = "<group>"; };
		89999A371AD2C49800E65267 /* E872A8A5-F656-4EAB-8FA1-C5B1358C8BA6.codesnippet */ = {isa = PBXFileReference; fileEncoding = 4; lastKnownFileType = text.xml; path = "E872A8A5-F656-4EAB-8FA1-C5B1358C8BA6.codesnippet"; sourceTree = "<group>"; };
		89999A381AD2C49800E65267 /* EA467D07-0DA8-4A44-9496-2674C8D21C13.codesnippet */ = {isa = PBXFileReference; fileEncoding = 4; lastKnownFileType = text.xml; path = "EA467D07-0DA8-4A44-9496-2674C8D21C13.codesnippet"; sourceTree = "<group>"; };
		89999A391AD2C49800E65267 /* EA88047C-7110-4957-B60E-1138362E45D1.codesnippet */ = {isa = PBXFileReference; fileEncoding = 4; lastKnownFileType = text.xml; path = "EA88047C-7110-4957-B60E-1138362E45D1.codesnippet"; sourceTree = "<group>"; };
		89999A3A1AD2C49800E65267 /* F65133D4-D8C2-41E7-995C-4BAC8AE1D408.codesnippet */ = {isa = PBXFileReference; fileEncoding = 4; lastKnownFileType = text.xml; path = "F65133D4-D8C2-41E7-995C-4BAC8AE1D408.codesnippet"; sourceTree = "<group>"; };
		89999A3B1AD2C49800E65267 /* F8A76237-E623-4BCF-A768-EDDFA71F6940.codesnippet */ = {isa = PBXFileReference; fileEncoding = 4; lastKnownFileType = text.xml; path = "F8A76237-E623-4BCF-A768-EDDFA71F6940.codesnippet"; sourceTree = "<group>"; };
		89999A3C1AD2C49800E65267 /* CoreConst.h */ = {isa = PBXFileReference; fileEncoding = 4; lastKnownFileType = sourcecode.c.h; path = CoreConst.h; sourceTree = "<group>"; };
		89999A3D1AD2C49800E65267 /* Experience.h */ = {isa = PBXFileReference; fileEncoding = 4; lastKnownFileType = sourcecode.c.h; path = Experience.h; sourceTree = "<group>"; };
		89999A3E1AD2C49800E65267 /* iOS8.h */ = {isa = PBXFileReference; fileEncoding = 4; lastKnownFileType = sourcecode.c.h; path = iOS8.h; sourceTree = "<group>"; };
		89999A5F1AD2C67A00E65267 /* CAAnimation+Make.h */ = {isa = PBXFileReference; fileEncoding = 4; lastKnownFileType = sourcecode.c.h; path = "CAAnimation+Make.h"; sourceTree = "<group>"; };
		89999A601AD2C67A00E65267 /* CAAnimation+Make.m */ = {isa = PBXFileReference; fileEncoding = 4; lastKnownFileType = sourcecode.c.objc; path = "CAAnimation+Make.m"; sourceTree = "<group>"; };
		89999A621AD2C67A00E65267 /* NSArray+Extend.h */ = {isa = PBXFileReference; fileEncoding = 4; lastKnownFileType = sourcecode.c.h; path = "NSArray+Extend.h"; sourceTree = "<group>"; };
		89999A631AD2C67A00E65267 /* NSArray+Extend.m */ = {isa = PBXFileReference; fileEncoding = 4; lastKnownFileType = sourcecode.c.objc; path = "NSArray+Extend.m"; sourceTree = "<group>"; };
		89999A661AD2C67A00E65267 /* NSObject+Extend.h */ = {isa = PBXFileReference; fileEncoding = 4; lastKnownFileType = sourcecode.c.h; path = "NSObject+Extend.h"; sourceTree = "<group>"; };
		89999A671AD2C67A00E65267 /* NSObject+Extend.m */ = {isa = PBXFileReference; fileEncoding = 4; lastKnownFileType = sourcecode.c.objc; path = "NSObject+Extend.m"; sourceTree = "<group>"; };
		89999A691AD2C67A00E65267 /* NSString+Password.h */ = {isa = PBXFileReference; fileEncoding = 4; lastKnownFileType = sourcecode.c.h; path = "NSString+Password.h"; sourceTree = "<group>"; };
		89999A6A1AD2C67A00E65267 /* NSString+Password.m */ = {isa = PBXFileReference; fileEncoding = 4; lastKnownFileType = sourcecode.c.objc; path = "NSString+Password.m"; sourceTree = "<group>"; };
		89999A711AD2C67A00E65267 /* UIColor+Extend.h */ = {isa = PBXFileReference; fileEncoding = 4; lastKnownFileType = sourcecode.c.h; path = "UIColor+Extend.h"; sourceTree = "<group>"; };
		89999A721AD2C67A00E65267 /* UIColor+Extend.m */ = {isa = PBXFileReference; fileEncoding = 4; lastKnownFileType = sourcecode.c.objc; path = "UIColor+Extend.m"; sourceTree = "<group>"; };
		89999A741AD2C67A00E65267 /* UIFont+Extend.h */ = {isa = PBXFileReference; fileEncoding = 4; lastKnownFileType = sourcecode.c.h; path = "UIFont+Extend.h"; sourceTree = "<group>"; };
		89999A751AD2C67A00E65267 /* UIFont+Extend.m */ = {isa = PBXFileReference; fileEncoding = 4; lastKnownFileType = sourcecode.c.objc; path = "UIFont+Extend.m"; sourceTree = "<group>"; };
		89999A791AD2C67A00E65267 /* UIImage+Color.h */ = {isa = PBXFileReference; fileEncoding = 4; lastKnownFileType = sourcecode.c.h; path = "UIImage+Color.h"; sourceTree = "<group>"; };
		89999A7A1AD2C67A00E65267 /* UIImage+Color.m */ = {isa = PBXFileReference; fileEncoding = 4; lastKnownFileType = sourcecode.c.objc; path = "UIImage+Color.m"; sourceTree = "<group>"; };
		89999A7B1AD2C67A00E65267 /* UIImage+Cut.h */ = {isa = PBXFileReference; fileEncoding = 4; lastKnownFileType = sourcecode.c.h; path = "UIImage+Cut.h"; sourceTree = "<group>"; };
		89999A7C1AD2C67A00E65267 /* UIImage+Cut.m */ = {isa = PBXFileReference; fileEncoding = 4; lastKnownFileType = sourcecode.c.objc; path = "UIImage+Cut.m"; sourceTree = "<group>"; };
		89999A7D1AD2C67A00E65267 /* UIImage+Extend.h */ = {isa = PBXFileReference; fileEncoding = 4; lastKnownFileType = sourcecode.c.h; path = "UIImage+Extend.h"; sourceTree = "<group>"; };
		89999A7E1AD2C67A00E65267 /* UIImage+Extend.m */ = {isa = PBXFileReference; fileEncoding = 4; lastKnownFileType = sourcecode.c.objc; path = "UIImage+Extend.m"; sourceTree = "<group>"; };
		89999A7F1AD2C67A00E65267 /* UIImage+FixOrientation.h */ = {isa = PBXFileReference; fileEncoding = 4; lastKnownFileType = sourcecode.c.h; path = "UIImage+FixOrientation.h"; sourceTree = "<group>"; };
		89999A801AD2C67A00E65267 /* UIImage+FixOrientation.m */ = {isa = PBXFileReference; fileEncoding = 4; lastKnownFileType = sourcecode.c.objc; path = "UIImage+FixOrientation.m"; sourceTree = "<group>"; };
		89999A891AD2C67A00E65267 /* UIView+Extend.h */ = {isa = PBXFileReference; fileEncoding = 4; lastKnownFileType = sourcecode.c.h; path = "UIView+Extend.h"; sourceTree = "<group>"; };
		89999A8A1AD2C67A00E65267 /* UIView+Extend.m */ = {isa = PBXFileReference; fileEncoding = 4; lastKnownFileType = sourcecode.c.objc; path = "UIView+Extend.m"; sourceTree = "<group>"; };
		89999A8C1AD2C67A00E65267 /* UIWindow+Launch.h */ = {isa = PBXFileReference; fileEncoding = 4; lastKnownFileType = sourcecode.c.h; path = "UIWindow+Launch.h"; sourceTree = "<group>"; };
		89999A8D1AD2C67A00E65267 /* UIWindow+Launch.m */ = {isa = PBXFileReference; fileEncoding = 4; lastKnownFileType = sourcecode.c.objc; path = "UIWindow+Launch.m"; sourceTree = "<group>"; };
		89999AA01AD2C70800E65267 /* NSDate+Extend.h */ = {isa = PBXFileReference; fileEncoding = 4; lastKnownFileType = sourcecode.c.h; path = "NSDate+Extend.h"; sourceTree = "<group>"; };
		89999AA11AD2C70800E65267 /* NSDate+Extend.m */ = {isa = PBXFileReference; fileEncoding = 4; lastKnownFileType = sourcecode.c.objc; path = "NSDate+Extend.m"; sourceTree = "<group>"; };
		89999AA31AD2CF5400E65267 /* NSString+Extend.h */ = {isa = PBXFileReference; fileEncoding = 4; lastKnownFileType = sourcecode.c.h; path = "NSString+Extend.h"; sourceTree = "<group>"; };
		89999AA41AD2CF5400E65267 /* NSString+Extend.m */ = {isa = PBXFileReference; fileEncoding = 4; lastKnownFileType = sourcecode.c.objc; path = "NSString+Extend.m"; sourceTree = "<group>"; };
		D6A615A81AAAA33C006CCBF3 /* CoreCategory.app */ = {isa = PBXFileReference; explicitFileType = wrapper.application; includeInIndex = 0; path = CoreCategory.app; sourceTree = BUILT_PRODUCTS_DIR; };
		D6A615AC1AAAA33C006CCBF3 /* Info.plist */ = {isa = PBXFileReference; lastKnownFileType = text.plist.xml; path = Info.plist; sourceTree = "<group>"; };
		D6A615AD1AAAA33C006CCBF3 /* main.m */ = {isa = PBXFileReference; lastKnownFileType = sourcecode.c.objc; path = main.m; sourceTree = "<group>"; };
		D6A615AF1AAAA33C006CCBF3 /* AppDelegate.h */ = {isa = PBXFileReference; lastKnownFileType = sourcecode.c.h; path = AppDelegate.h; sourceTree = "<group>"; };
		D6A615B01AAAA33C006CCBF3 /* AppDelegate.m */ = {isa = PBXFileReference; lastKnownFileType = sourcecode.c.objc; path = AppDelegate.m; sourceTree = "<group>"; };
		D6A615B21AAAA33C006CCBF3 /* ViewController.h */ = {isa = PBXFileReference; lastKnownFileType = sourcecode.c.h; path = ViewController.h; sourceTree = "<group>"; };
		D6A615B31AAAA33C006CCBF3 /* ViewController.m */ = {isa = PBXFileReference; lastKnownFileType = sourcecode.c.objc; path = ViewController.m; sourceTree = "<group>"; };
		D6A615B61AAAA33C006CCBF3 /* Base */ = {isa = PBXFileReference; lastKnownFileType = file.storyboard; name = Base; path = Base.lproj/Main.storyboard; sourceTree = "<group>"; };
		D6A615B81AAAA33C006CCBF3 /* Images.xcassets */ = {isa = PBXFileReference; lastKnownFileType = folder.assetcatalog; path = Images.xcassets; sourceTree = "<group>"; };
		D6A615BB1AAAA33C006CCBF3 /* Base */ = {isa = PBXFileReference; lastKnownFileType = file.xib; name = Base; path = Base.lproj/LaunchScreen.xib; sourceTree = "<group>"; };
		D6A615C11AAAA33C006CCBF3 /* CoreCategoryTests.xctest */ = {isa = PBXFileReference; explicitFileType = wrapper.cfbundle; includeInIndex = 0; path = CoreCategoryTests.xctest; sourceTree = BUILT_PRODUCTS_DIR; };
		D6A615C61AAAA33C006CCBF3 /* Info.plist */ = {isa = PBXFileReference; lastKnownFileType = text.plist.xml; path = Info.plist; sourceTree = "<group>"; };
		D6A615C71AAAA33C006CCBF3 /* CoreCategoryTests.m */ = {isa = PBXFileReference; lastKnownFileType = sourcecode.c.objc; path = CoreCategoryTests.m; sourceTree = "<group>"; };
/* End PBXFileReference section */

/* Begin PBXFrameworksBuildPhase section */
		D6A615A51AAAA33C006CCBF3 /* Frameworks */ = {
			isa = PBXFrameworksBuildPhase;
			buildActionMask = 2147483647;
			files = (
			);
			runOnlyForDeploymentPostprocessing = 0;
		};
		D6A615BE1AAAA33C006CCBF3 /* Frameworks */ = {
			isa = PBXFrameworksBuildPhase;
			buildActionMask = 2147483647;
			files = (
			);
			runOnlyForDeploymentPostprocessing = 0;
		};
/* End PBXFrameworksBuildPhase section */

/* Begin PBXGroup section */
		89999A1A1AD2C47E00E65267 /* FrameWorks */ = {
			isa = PBXGroup;
			children = (
				89999A1B1AD2C49800E65267 /* CoreExtend */,
			);
			path = FrameWorks;
			sourceTree = "<group>";
		};
		89999A1B1AD2C49800E65267 /* CoreExtend */ = {
			isa = PBXGroup;
			children = (
				89999A1C1AD2C49800E65267 /* CodeBlock.h */,
				89999A1D1AD2C49800E65267 /* CodeSnippets */,
				89999A3C1AD2C49800E65267 /* CoreConst.h */,
				89999A3D1AD2C49800E65267 /* Experience.h */,
				89999A3E1AD2C49800E65267 /* iOS8.h */,
			);
			path = CoreExtend;
			sourceTree = "<group>";
		};
		89999A1D1AD2C49800E65267 /* CodeSnippets */ = {
			isa = PBXGroup;
			children = (
				89999A1E1AD2C49800E65267 /* 05D1EB67-DA6A-4AE2-AE04-A683B5065ECA.codesnippet */,
				89999A1F1AD2C49800E65267 /* 0D6975F9-C05D-4FA2-A566-1523C39F6B16.codesnippet */,
				89999A201AD2C49800E65267 /* 0FD636EB-A690-4719-90F7-19572E156EDF.codesnippet */,
				89999A211AD2C49800E65267 /* 1A69DADD-1DEC-4250-B217-86EB30E8EDF9.codesnippet */,
				89999A221AD2C49800E65267 /* 1EDB0718-DC41-4322-9086-4B4E50E2FDC5.codesnippet */,
				89999A231AD2C49800E65267 /* 2FFB5AF9-06B2-4959-9C01-702F9CFA0CDF.codesnippet */,
				89999A241AD2C49800E65267 /* 34E99E58-FB7E-4AAE-9346-291A969ACBF2.codesnippet */,
				89999A251AD2C49800E65267 /* 3EE4CB05-3745-456A-B181-EDCE10F5F9C8.codesnippet */,
				89999A261AD2C49800E65267 /* 52ED5232-DDA6-43D4-868E-335AB2C5638C.codesnippet */,
				89999A271AD2C49800E65267 /* 55F3F9CC-A08E-4CBE-9C96-0AF1C472649C.codesnippet */,
				89999A281AD2C49800E65267 /* 62CB9255-14CC-4D2F-B039-D1C7F75FF239.codesnippet */,
				89999A291AD2C49800E65267 /* 65D27C00-2694-4B17-B682-3AFFBBC46A6B.codesnippet */,
				89999A2A1AD2C49800E65267 /* 6F249D8F-7458-4C2B-92DA-089A7DB3B716.codesnippet */,
				89999A2B1AD2C49800E65267 /* 6F926535-11A2-49F2-ADF8-776BF4982361.codesnippet */,
				89999A2C1AD2C49800E65267 /* 8195CF46-A1CE-4C36-BB76-0713E6FCDB57.codesnippet */,
				89999A2D1AD2C49800E65267 /* 8A288E49-DAE1-4E3E-923E-0AC6A885F648.codesnippet */,
				89999A2E1AD2C49800E65267 /* 8B5C05F5-4175-4987-ACC4-53FB3225EA8C.codesnippet */,
				89999A2F1AD2C49800E65267 /* 95CE3D78-9606-430E-9B7F-C5BAD72D2D90.codesnippet */,
				89999A301AD2C49800E65267 /* 9FD350E8-1D13-465B-8882-879EAA259681.codesnippet */,
				89999A311AD2C49800E65267 /* C111A937-498A-4706-93D3-4F29D86E8FCD.codesnippet */,
				89999A321AD2C49800E65267 /* C46BE3E3-0E1F-4467-BD41-D9AA632A0E83.codesnippet */,
				89999A331AD2C49800E65267 /* CC7FEED4-F3CD-4F95-9D9E-A5B370C33CFF.codesnippet */,
				89999A341AD2C49800E65267 /* D226E98D-6630-4E19-BFF2-5B8E536DFE70.codesnippet */,
				89999A351AD2C49800E65267 /* D4FB6F07-4FB2-446E-825D-4BCDF19F478D.codesnippet */,
				89999A361AD2C49800E65267 /* D71B0FCA-8D09-423D-BB8A-D4614E973F2B.codesnippet */,
				89999A371AD2C49800E65267 /* E872A8A5-F656-4EAB-8FA1-C5B1358C8BA6.codesnippet */,
				89999A381AD2C49800E65267 /* EA467D07-0DA8-4A44-9496-2674C8D21C13.codesnippet */,
				89999A391AD2C49800E65267 /* EA88047C-7110-4957-B60E-1138362E45D1.codesnippet */,
				89999A3A1AD2C49800E65267 /* F65133D4-D8C2-41E7-995C-4BAC8AE1D408.codesnippet */,
				89999A3B1AD2C49800E65267 /* F8A76237-E623-4BCF-A768-EDDFA71F6940.codesnippet */,
			);
			path = CodeSnippets;
			sourceTree = "<group>";
		};
		89999A5D1AD2C67A00E65267 /* CoreCategory */ = {
			isa = PBXGroup;
			children = (
				89999A5E1AD2C67A00E65267 /* CAAnimation */,
				89999A611AD2C67A00E65267 /* NSArray */,
				89999A641AD2C67A00E65267 /* NSDate */,
				89999A651AD2C67A00E65267 /* NSObject */,
				89999A681AD2C67A00E65267 /* NSString */,
				89999A701AD2C67A00E65267 /* UIColor */,
				89999A731AD2C67A00E65267 /* UIFont */,
				89999A761AD2C67A00E65267 /* UIImage */,
				89999A881AD2C67A00E65267 /* UIView */,
				89999A8B1AD2C67A00E65267 /* UIWindow */,
			);
			path = CoreCategory;
			sourceTree = "<group>";
		};
		89999A5E1AD2C67A00E65267 /* CAAnimation */ = {
			isa = PBXGroup;
			children = (
				89999A5F1AD2C67A00E65267 /* CAAnimation+Make.h */,
				89999A601AD2C67A00E65267 /* CAAnimation+Make.m */,
			);
			path = CAAnimation;
			sourceTree = "<group>";
		};
		89999A611AD2C67A00E65267 /* NSArray */ = {
			isa = PBXGroup;
			children = (
				89999A621AD2C67A00E65267 /* NSArray+Extend.h */,
				89999A631AD2C67A00E65267 /* NSArray+Extend.m */,
			);
			path = NSArray;
			sourceTree = "<group>";
		};
		89999A641AD2C67A00E65267 /* NSDate */ = {
			isa = PBXGroup;
			children = (
				89999AA01AD2C70800E65267 /* NSDate+Extend.h */,
				89999AA11AD2C70800E65267 /* NSDate+Extend.m */,
			);
			path = NSDate;
			sourceTree = "<group>";
		};
		89999A651AD2C67A00E65267 /* NSObject */ = {
			isa = PBXGroup;
			children = (
				89999A661AD2C67A00E65267 /* NSObject+Extend.h */,
				89999A671AD2C67A00E65267 /* NSObject+Extend.m */,
			);
			path = NSObject;
			sourceTree = "<group>";
		};
		89999A681AD2C67A00E65267 /* NSString */ = {
			isa = PBXGroup;
			children = (
				89999A691AD2C67A00E65267 /* NSString+Password.h */,
				89999A6A1AD2C67A00E65267 /* NSString+Password.m */,
				89999AA31AD2CF5400E65267 /* NSString+Extend.h */,
				89999AA41AD2CF5400E65267 /* NSString+Extend.m */,
			);
			path = NSString;
			sourceTree = "<group>";
		};
		89999A701AD2C67A00E65267 /* UIColor */ = {
			isa = PBXGroup;
			children = (
				89999A711AD2C67A00E65267 /* UIColor+Extend.h */,
				89999A721AD2C67A00E65267 /* UIColor+Extend.m */,
			);
			path = UIColor;
			sourceTree = "<group>";
		};
		89999A731AD2C67A00E65267 /* UIFont */ = {
			isa = PBXGroup;
			children = (
				89999A741AD2C67A00E65267 /* UIFont+Extend.h */,
				89999A751AD2C67A00E65267 /* UIFont+Extend.m */,
			);
			path = UIFont;
			sourceTree = "<group>";
		};
		89999A761AD2C67A00E65267 /* UIImage */ = {
			isa = PBXGroup;
			children = (
				891994AF1AE636AA0049CD62 /* UIImage+Water.h */,
				891994B01AE636AA0049CD62 /* UIImage+Water.m */,
				89999A791AD2C67A00E65267 /* UIImage+Color.h */,
				89999A7A1AD2C67A00E65267 /* UIImage+Color.m */,
				89999A7B1AD2C67A00E65267 /* UIImage+Cut.h */,
				89999A7C1AD2C67A00E65267 /* UIImage+Cut.m */,
				89999A7D1AD2C67A00E65267 /* UIImage+Extend.h */,
				89999A7E1AD2C67A00E65267 /* UIImage+Extend.m */,
				89999A7F1AD2C67A00E65267 /* UIImage+FixOrientation.h */,
				89999A801AD2C67A00E65267 /* UIImage+FixOrientation.m */,
			);
			path = UIImage;
			sourceTree = "<group>";
		};
		89999A881AD2C67A00E65267 /* UIView */ = {
			isa = PBXGroup;
			children = (
				89999A891AD2C67A00E65267 /* UIView+Extend.h */,
				89999A8A1AD2C67A00E65267 /* UIView+Extend.m */,
			);
			path = UIView;
			sourceTree = "<group>";
		};
		89999A8B1AD2C67A00E65267 /* UIWindow */ = {
			isa = PBXGroup;
			children = (
				89999A8C1AD2C67A00E65267 /* UIWindow+Launch.h */,
				89999A8D1AD2C67A00E65267 /* UIWindow+Launch.m */,
			);
			path = UIWindow;
			sourceTree = "<group>";
		};
		D6A6159F1AAAA33C006CCBF3 = {
			isa = PBXGroup;
			children = (
				D6A615AA1AAAA33C006CCBF3 /* CoreCategory */,
				D6A615C41AAAA33C006CCBF3 /* CoreCategoryTests */,
				D6A615A91AAAA33C006CCBF3 /* Products */,
			);
			sourceTree = "<group>";
		};
		D6A615A91AAAA33C006CCBF3 /* Products */ = {
			isa = PBXGroup;
			children = (
				D6A615A81AAAA33C006CCBF3 /* CoreCategory.app */,
				D6A615C11AAAA33C006CCBF3 /* CoreCategoryTests.xctest */,
			);
			name = Products;
			sourceTree = "<group>";
		};
		D6A615AA1AAAA33C006CCBF3 /* CoreCategory */ = {
			isa = PBXGroup;
			children = (
				89999A5D1AD2C67A00E65267 /* CoreCategory */,
				89999A1A1AD2C47E00E65267 /* FrameWorks */,
				D6A615AF1AAAA33C006CCBF3 /* AppDelegate.h */,
				D6A615B01AAAA33C006CCBF3 /* AppDelegate.m */,
				D6A615B21AAAA33C006CCBF3 /* ViewController.h */,
				D6A615B31AAAA33C006CCBF3 /* ViewController.m */,
				D6A615B51AAAA33C006CCBF3 /* Main.storyboard */,
				D6A615B81AAAA33C006CCBF3 /* Images.xcassets */,
				D6A615BA1AAAA33C006CCBF3 /* LaunchScreen.xib */,
				D6A615AB1AAAA33C006CCBF3 /* Supporting Files */,
			);
			path = CoreCategory;
			sourceTree = "<group>";
		};
		D6A615AB1AAAA33C006CCBF3 /* Supporting Files */ = {
			isa = PBXGroup;
			children = (
				D6A615AC1AAAA33C006CCBF3 /* Info.plist */,
				D6A615AD1AAAA33C006CCBF3 /* main.m */,
			);
			name = "Supporting Files";
			sourceTree = "<group>";
		};
		D6A615C41AAAA33C006CCBF3 /* CoreCategoryTests */ = {
			isa = PBXGroup;
			children = (
				D6A615C71AAAA33C006CCBF3 /* CoreCategoryTests.m */,
				D6A615C51AAAA33C006CCBF3 /* Supporting Files */,
			);
			path = CoreCategoryTests;
			sourceTree = "<group>";
		};
		D6A615C51AAAA33C006CCBF3 /* Supporting Files */ = {
			isa = PBXGroup;
			children = (
				D6A615C61AAAA33C006CCBF3 /* Info.plist */,
			);
			name = "Supporting Files";
			sourceTree = "<group>";
		};
/* End PBXGroup section */

/* Begin PBXNativeTarget section */
		D6A615A71AAAA33C006CCBF3 /* CoreCategory */ = {
			isa = PBXNativeTarget;
			buildConfigurationList = D6A615CB1AAAA33C006CCBF3 /* Build configuration list for PBXNativeTarget "CoreCategory" */;
			buildPhases = (
				D6A615A41AAAA33C006CCBF3 /* Sources */,
				D6A615A51AAAA33C006CCBF3 /* Frameworks */,
				D6A615A61AAAA33C006CCBF3 /* Resources */,
			);
			buildRules = (
			);
			dependencies = (
			);
			name = CoreCategory;
			productName = CoreCategory;
			productReference = D6A615A81AAAA33C006CCBF3 /* CoreCategory.app */;
			productType = "com.apple.product-type.application";
		};
		D6A615C01AAAA33C006CCBF3 /* CoreCategoryTests */ = {
			isa = PBXNativeTarget;
			buildConfigurationList = D6A615CE1AAAA33C006CCBF3 /* Build configuration list for PBXNativeTarget "CoreCategoryTests" */;
			buildPhases = (
				D6A615BD1AAAA33C006CCBF3 /* Sources */,
				D6A615BE1AAAA33C006CCBF3 /* Frameworks */,
				D6A615BF1AAAA33C006CCBF3 /* Resources */,
			);
			buildRules = (
			);
			dependencies = (
				D6A615C31AAAA33C006CCBF3 /* PBXTargetDependency */,
			);
			name = CoreCategoryTests;
			productName = CoreCategoryTests;
			productReference = D6A615C11AAAA33C006CCBF3 /* CoreCategoryTests.xctest */;
			productType = "com.apple.product-type.bundle.unit-test";
		};
/* End PBXNativeTarget section */

/* Begin PBXProject section */
		D6A615A01AAAA33C006CCBF3 /* Project object */ = {
			isa = PBXProject;
			attributes = {
				LastUpgradeCheck = 0610;
				ORGANIZATIONNAME = "沐汐";
				TargetAttributes = {
					D6A615A71AAAA33C006CCBF3 = {
						CreatedOnToolsVersion = 6.1;
					};
					D6A615C01AAAA33C006CCBF3 = {
						CreatedOnToolsVersion = 6.1;
						TestTargetID = D6A615A71AAAA33C006CCBF3;
					};
				};
			};
			buildConfigurationList = D6A615A31AAAA33C006CCBF3 /* Build configuration list for PBXProject "CoreCategory" */;
			compatibilityVersion = "Xcode 3.2";
			developmentRegion = English;
			hasScannedForEncodings = 0;
			knownRegions = (
				en,
				Base,
			);
			mainGroup = D6A6159F1AAAA33C006CCBF3;
			productRefGroup = D6A615A91AAAA33C006CCBF3 /* Products */;
			projectDirPath = "";
			projectRoot = "";
			targets = (
				D6A615A71AAAA33C006CCBF3 /* CoreCategory */,
				D6A615C01AAAA33C006CCBF3 /* CoreCategoryTests */,
			);
		};
/* End PBXProject section */

/* Begin PBXResourcesBuildPhase section */
		D6A615A61AAAA33C006CCBF3 /* Resources */ = {
			isa = PBXResourcesBuildPhase;
			buildActionMask = 2147483647;
			files = (
				89999A571AD2C49800E65267 /* D71B0FCA-8D09-423D-BB8A-D4614E973F2B.codesnippet in Resources */,
				89999A4D1AD2C49800E65267 /* 8195CF46-A1CE-4C36-BB76-0713E6FCDB57.codesnippet in Resources */,
				89999A581AD2C49800E65267 /* E872A8A5-F656-4EAB-8FA1-C5B1358C8BA6.codesnippet in Resources */,
				D6A615B71AAAA33C006CCBF3 /* Main.storyboard in Resources */,
				89999A411AD2C49800E65267 /* 0FD636EB-A690-4719-90F7-19572E156EDF.codesnippet in Resources */,
				89999A4E1AD2C49800E65267 /* 8A288E49-DAE1-4E3E-923E-0AC6A885F648.codesnippet in Resources */,
				89999A591AD2C49800E65267 /* EA467D07-0DA8-4A44-9496-2674C8D21C13.codesnippet in Resources */,
				89999A561AD2C49800E65267 /* D4FB6F07-4FB2-446E-825D-4BCDF19F478D.codesnippet in Resources */,
				89999A531AD2C49800E65267 /* C46BE3E3-0E1F-4467-BD41-D9AA632A0E83.codesnippet in Resources */,
				89999A5C1AD2C49800E65267 /* F8A76237-E623-4BCF-A768-EDDFA71F6940.codesnippet in Resources */,
				89999A521AD2C49800E65267 /* C111A937-498A-4706-93D3-4F29D86E8FCD.codesnippet in Resources */,
				89999A471AD2C49800E65267 /* 52ED5232-DDA6-43D4-868E-335AB2C5638C.codesnippet in Resources */,
				89999A511AD2C49800E65267 /* 9FD350E8-1D13-465B-8882-879EAA259681.codesnippet in Resources */,
				89999A4C1AD2C49800E65267 /* 6F926535-11A2-49F2-ADF8-776BF4982361.codesnippet in Resources */,
				89999A491AD2C49800E65267 /* 62CB9255-14CC-4D2F-B039-D1C7F75FF239.codesnippet in Resources */,
				D6A615BC1AAAA33C006CCBF3 /* LaunchScreen.xib in Resources */,
				89999A441AD2C49800E65267 /* 2FFB5AF9-06B2-4959-9C01-702F9CFA0CDF.codesnippet in Resources */,
				89999A4F1AD2C49800E65267 /* 8B5C05F5-4175-4987-ACC4-53FB3225EA8C.codesnippet in Resources */,
				89999A3F1AD2C49800E65267 /* 05D1EB67-DA6A-4AE2-AE04-A683B5065ECA.codesnippet in Resources */,
				89999A481AD2C49800E65267 /* 55F3F9CC-A08E-4CBE-9C96-0AF1C472649C.codesnippet in Resources */,
				89999A401AD2C49800E65267 /* 0D6975F9-C05D-4FA2-A566-1523C39F6B16.codesnippet in Resources */,
				89999A4A1AD2C49800E65267 /* 65D27C00-2694-4B17-B682-3AFFBBC46A6B.codesnippet in Resources */,
				89999A5B1AD2C49800E65267 /* F65133D4-D8C2-41E7-995C-4BAC8AE1D408.codesnippet in Resources */,
				D6A615B91AAAA33C006CCBF3 /* Images.xcassets in Resources */,
				89999A431AD2C49800E65267 /* 1EDB0718-DC41-4322-9086-4B4E50E2FDC5.codesnippet in Resources */,
				89999A541AD2C49800E65267 /* CC7FEED4-F3CD-4F95-9D9E-A5B370C33CFF.codesnippet in Resources */,
				89999A461AD2C49800E65267 /* 3EE4CB05-3745-456A-B181-EDCE10F5F9C8.codesnippet in Resources */,
				89999A501AD2C49800E65267 /* 95CE3D78-9606-430E-9B7F-C5BAD72D2D90.codesnippet in Resources */,
				89999A551AD2C49800E65267 /* D226E98D-6630-4E19-BFF2-5B8E536DFE70.codesnippet in Resources */,
				89999A421AD2C49800E65267 /* 1A69DADD-1DEC-4250-B217-86EB30E8EDF9.codesnippet in Resources */,
				89999A451AD2C49800E65267 /* 34E99E58-FB7E-4AAE-9346-291A969ACBF2.codesnippet in Resources */,
				89999A5A1AD2C49800E65267 /* EA88047C-7110-4957-B60E-1138362E45D1.codesnippet in Resources */,
				89999A4B1AD2C49800E65267 /* 6F249D8F-7458-4C2B-92DA-089A7DB3B716.codesnippet in Resources */,
			);
			runOnlyForDeploymentPostprocessing = 0;
		};
		D6A615BF1AAAA33C006CCBF3 /* Resources */ = {
			isa = PBXResourcesBuildPhase;
			buildActionMask = 2147483647;
			files = (
			);
			runOnlyForDeploymentPostprocessing = 0;
		};
/* End PBXResourcesBuildPhase section */

/* Begin PBXSourcesBuildPhase section */
		D6A615A41AAAA33C006CCBF3 /* Sources */ = {
			isa = PBXSourcesBuildPhase;
			buildActionMask = 2147483647;
			files = (
				D6A615B41AAAA33C006CCBF3 /* ViewController.m in Sources */,
				D6A615B11AAAA33C006CCBF3 /* AppDelegate.m in Sources */,
				89999A9F1AD2C67A00E65267 /* UIWindow+Launch.m in Sources */,
				89999A9A1AD2C67A00E65267 /* UIImage+FixOrientation.m in Sources */,
				89999A991AD2C67A00E65267 /* UIImage+Extend.m in Sources */,
				89999A981AD2C67A00E65267 /* UIImage+Cut.m in Sources */,
				89999A911AD2C67A00E65267 /* NSString+Password.m in Sources */,
				89999A951AD2C67A00E65267 /* UIFont+Extend.m in Sources */,
				89999A941AD2C67A00E65267 /* UIColor+Extend.m in Sources */,
				89999A8E1AD2C67A00E65267 /* CAAnimation+Make.m in Sources */,
				89999A901AD2C67A00E65267 /* NSObject+Extend.m in Sources */,
				89999A8F1AD2C67A00E65267 /* NSArray+Extend.m in Sources */,
				891994B11AE636AA0049CD62 /* UIImage+Water.m in Sources */,
				89999AA21AD2C70800E65267 /* NSDate+Extend.m in Sources */,
				89999AA51AD2CF5400E65267 /* NSString+Extend.m in Sources */,
				D6A615AE1AAAA33C006CCBF3 /* main.m in Sources */,
				89999A971AD2C67A00E65267 /* UIImage+Color.m in Sources */,
				89999A9E1AD2C67A00E65267 /* UIView+Extend.m in Sources */,
			);
			runOnlyForDeploymentPostprocessing = 0;
		};
		D6A615BD1AAAA33C006CCBF3 /* Sources */ = {
			isa = PBXSourcesBuildPhase;
			buildActionMask = 2147483647;
			files = (
				D6A615C81AAAA33C006CCBF3 /* CoreCategoryTests.m in Sources */,
			);
			runOnlyForDeploymentPostprocessing = 0;
		};
/* End PBXSourcesBuildPhase section */

/* Begin PBXTargetDependency section */
		D6A615C31AAAA33C006CCBF3 /* PBXTargetDependency */ = {
			isa = PBXTargetDependency;
			target = D6A615A71AAAA33C006CCBF3 /* CoreCategory */;
			targetProxy = D6A615C21AAAA33C006CCBF3 /* PBXContainerItemProxy */;
		};
/* End PBXTargetDependency section */

/* Begin PBXVariantGroup section */
		D6A615B51AAAA33C006CCBF3 /* Main.storyboard */ = {
			isa = PBXVariantGroup;
			children = (
				D6A615B61AAAA33C006CCBF3 /* Base */,
			);
			name = Main.storyboard;
			sourceTree = "<group>";
		};
		D6A615BA1AAAA33C006CCBF3 /* LaunchScreen.xib */ = {
			isa = PBXVariantGroup;
			children = (
				D6A615BB1AAAA33C006CCBF3 /* Base */,
			);
			name = LaunchScreen.xib;
			sourceTree = "<group>";
		};
/* End PBXVariantGroup section */

/* Begin XCBuildConfiguration section */
		D6A615C91AAAA33C006CCBF3 /* Debug */ = {
			isa = XCBuildConfiguration;
			buildSettings = {
				ALWAYS_SEARCH_USER_PATHS = NO;
				CLANG_CXX_LANGUAGE_STANDARD = "gnu++0x";
				CLANG_CXX_LIBRARY = "libc++";
				CLANG_ENABLE_MODULES = YES;
				CLANG_ENABLE_OBJC_ARC = YES;
				CLANG_WARN_BOOL_CONVERSION = YES;
				CLANG_WARN_CONSTANT_CONVERSION = YES;
				CLANG_WARN_DIRECT_OBJC_ISA_USAGE = YES_ERROR;
				CLANG_WARN_EMPTY_BODY = YES;
				CLANG_WARN_ENUM_CONVERSION = YES;
				CLANG_WARN_INT_CONVERSION = YES;
				CLANG_WARN_OBJC_ROOT_CLASS = YES_ERROR;
				CLANG_WARN_UNREACHABLE_CODE = YES;
				CLANG_WARN__DUPLICATE_METHOD_MATCH = YES;
				"CODE_SIGN_IDENTITY[sdk=iphoneos*]" = "iPhone Developer";
				COPY_PHASE_STRIP = NO;
				ENABLE_STRICT_OBJC_MSGSEND = YES;
				GCC_C_LANGUAGE_STANDARD = gnu99;
				GCC_DYNAMIC_NO_PIC = NO;
				GCC_OPTIMIZATION_LEVEL = 0;
				GCC_PREPROCESSOR_DEFINITIONS = (
					"DEBUG=1",
					"$(inherited)",
				);
				GCC_SYMBOLS_PRIVATE_EXTERN = NO;
				GCC_WARN_64_TO_32_BIT_CONVERSION = YES;
				GCC_WARN_ABOUT_RETURN_TYPE = YES_ERROR;
				GCC_WARN_UNDECLARED_SELECTOR = YES;
				GCC_WARN_UNINITIALIZED_AUTOS = YES_AGGRESSIVE;
				GCC_WARN_UNUSED_FUNCTION = YES;
				GCC_WARN_UNUSED_VARIABLE = YES;
				IPHONEOS_DEPLOYMENT_TARGET = 8.1;
				MTL_ENABLE_DEBUG_INFO = YES;
				ONLY_ACTIVE_ARCH = YES;
				SDKROOT = iphoneos;
			};
			name = Debug;
		};
		D6A615CA1AAAA33C006CCBF3 /* Release */ = {
			isa = XCBuildConfiguration;
			buildSettings = {
				ALWAYS_SEARCH_USER_PATHS = NO;
				CLANG_CXX_LANGUAGE_STANDARD = "gnu++0x";
				CLANG_CXX_LIBRARY = "libc++";
				CLANG_ENABLE_MODULES = YES;
				CLANG_ENABLE_OBJC_ARC = YES;
				CLANG_WARN_BOOL_CONVERSION = YES;
				CLANG_WARN_CONSTANT_CONVERSION = YES;
				CLANG_WARN_DIRECT_OBJC_ISA_USAGE = YES_ERROR;
				CLANG_WARN_EMPTY_BODY = YES;
				CLANG_WARN_ENUM_CONVERSION = YES;
				CLANG_WARN_INT_CONVERSION = YES;
				CLANG_WARN_OBJC_ROOT_CLASS = YES_ERROR;
				CLANG_WARN_UNREACHABLE_CODE = YES;
				CLANG_WARN__DUPLICATE_METHOD_MATCH = YES;
				"CODE_SIGN_IDENTITY[sdk=iphoneos*]" = "iPhone Developer";
				COPY_PHASE_STRIP = YES;
				ENABLE_NS_ASSERTIONS = NO;
				ENABLE_STRICT_OBJC_MSGSEND = YES;
				GCC_C_LANGUAGE_STANDARD = gnu99;
				GCC_WARN_64_TO_32_BIT_CONVERSION = YES;
				GCC_WARN_ABOUT_RETURN_TYPE = YES_ERROR;
				GCC_WARN_UNDECLARED_SELECTOR = YES;
				GCC_WARN_UNINITIALIZED_AUTOS = YES_AGGRESSIVE;
				GCC_WARN_UNUSED_FUNCTION = YES;
				GCC_WARN_UNUSED_VARIABLE = YES;
				IPHONEOS_DEPLOYMENT_TARGET = 8.1;
				MTL_ENABLE_DEBUG_INFO = NO;
				SDKROOT = iphoneos;
				VALIDATE_PRODUCT = YES;
			};
			name = Release;
		};
		D6A615CC1AAAA33C006CCBF3 /* Debug */ = {
			isa = XCBuildConfiguration;
			buildSettings = {
				ASSETCATALOG_COMPILER_APPICON_NAME = AppIcon;
				ASSETCATALOG_COMPILER_LAUNCHIMAGE_NAME = LaunchImage;
				INFOPLIST_FILE = CoreCategory/Info.plist;
				IPHONEOS_DEPLOYMENT_TARGET = 6.0;
				LD_RUNPATH_SEARCH_PATHS = "$(inherited) @executable_path/Frameworks";
				PRODUCT_NAME = "$(TARGET_NAME)";
			};
			name = Debug;
		};
		D6A615CD1AAAA33C006CCBF3 /* Release */ = {
			isa = XCBuildConfiguration;
			buildSettings = {
				ASSETCATALOG_COMPILER_APPICON_NAME = AppIcon;
				ASSETCATALOG_COMPILER_LAUNCHIMAGE_NAME = LaunchImage;
				INFOPLIST_FILE = CoreCategory/Info.plist;
				IPHONEOS_DEPLOYMENT_TARGET = 6.0;
				LD_RUNPATH_SEARCH_PATHS = "$(inherited) @executable_path/Frameworks";
				PRODUCT_NAME = "$(TARGET_NAME)";
			};
			name = Release;
		};
		D6A615CF1AAAA33C006CCBF3 /* Debug */ = {
			isa = XCBuildConfiguration;
			buildSettings = {
				BUNDLE_LOADER = "$(TEST_HOST)";
				FRAMEWORK_SEARCH_PATHS = (
					"$(SDKROOT)/Developer/Library/Frameworks",
					"$(inherited)",
				);
				GCC_PREPROCESSOR_DEFINITIONS = (
					"DEBUG=1",
					"$(inherited)",
				);
				INFOPLIST_FILE = CoreCategoryTests/Info.plist;
				LD_RUNPATH_SEARCH_PATHS = "$(inherited) @executable_path/Frameworks @loader_path/Frameworks";
				PRODUCT_NAME = "$(TARGET_NAME)";
				TEST_HOST = "$(BUILT_PRODUCTS_DIR)/CoreCategory.app/CoreCategory";
			};
			name = Debug;
		};
		D6A615D01AAAA33C006CCBF3 /* Release */ = {
			isa = XCBuildConfiguration;
			buildSettings = {
				BUNDLE_LOADER = "$(TEST_HOST)";
				FRAMEWORK_SEARCH_PATHS = (
					"$(SDKROOT)/Developer/Library/Frameworks",
					"$(inherited)",
				);
				INFOPLIST_FILE = CoreCategoryTests/Info.plist;
				LD_RUNPATH_SEARCH_PATHS = "$(inherited) @executable_path/Frameworks @loader_path/Frameworks";
				PRODUCT_NAME = "$(TARGET_NAME)";
				TEST_HOST = "$(BUILT_PRODUCTS_DIR)/CoreCategory.app/CoreCategory";
			};
			name = Release;
		};
/* End XCBuildConfiguration section */

/* Begin XCConfigurationList section */
		D6A615A31AAAA33C006CCBF3 /* Build configuration list for PBXProject "CoreCategory" */ = {
			isa = XCConfigurationList;
			buildConfigurations = (
				D6A615C91AAAA33C006CCBF3 /* Debug */,
				D6A615CA1AAAA33C006CCBF3 /* Release */,
			);
			defaultConfigurationIsVisible = 0;
			defaultConfigurationName = Release;
		};
		D6A615CB1AAAA33C006CCBF3 /* Build configuration list for PBXNativeTarget "CoreCategory" */ = {
			isa = XCConfigurationList;
			buildConfigurations = (
				D6A615CC1AAAA33C006CCBF3 /* Debug */,
				D6A615CD1AAAA33C006CCBF3 /* Release */,
			);
			defaultConfigurationIsVisible = 0;
			defaultConfigurationName = Release;
		};
		D6A615CE1AAAA33C006CCBF3 /* Build configuration list for PBXNativeTarget "CoreCategoryTests" */ = {
			isa = XCConfigurationList;
			buildConfigurations = (
				D6A615CF1AAAA33C006CCBF3 /* Debug */,
				D6A615D01AAAA33C006CCBF3 /* Release */,
			);
			defaultConfigurationIsVisible = 0;
			defaultConfigurationName = Release;
		};
/* End XCConfigurationList section */
	};
	rootObject = D6A615A01AAAA33C006CCBF3 /* Project object */;
}
